
Microsoft Visual Studio Solution File, Format Version 12.00
# Visual Studio Version 16
VisualStudioVersion = 16.0.31702.278
MinimumVisualStudioVersion = 10.0.40219.1
Project("{FAE04EC0-301F-11D3-BF4B-00C04F79EFBC}") = "Exercise01", "Exercise01\Exercise01.csproj", "{C25390EE-F673-4E11-ABC7-9B54AF2B5FC9}"
EndProject
Project("{FAE04EC0-301F-11D3-BF4B-00C04F79EFBC}") = "Exercise02.2", "Exercise02.2\Exercise02.2.csproj", "{7125A8AC-F6D4-4927-8E12-417CE087264D}"
EndProject
Project("{FAE04EC0-301F-11D3-BF4B-00C04F79EFBC}") = "Exercise02", "Exercise02\Exercise02.csproj", "{B55CA1ED-B6CB-4327-B1DE-8AB9686304A9}"
EndProject
Global
	GlobalSection(SolutionConfigurationPlatforms) = preSolution
		Debug|Any CPU = Debug|Any CPU
		Release|Any CPU = Release|Any CPU
	EndGlobalSection
	GlobalSection(ProjectConfigurationPlatforms) = postSolution
		{C25390EE-F673-4E11-ABC7-9B54AF2B5FC9}.Debug|Any CPU.ActiveCfg = Debug|Any CPU
		{C25390EE-F673-4E11-ABC7-9B54AF2B5FC9}.Debug|Any CPU.Build.0 = Debug|Any CPU
		{C25390EE-F673-4E11-ABC7-9B54AF2B5FC9}.Release|Any CPU.ActiveCfg = Release|Any CPU
		{C25390EE-F673-4E11-ABC7-9B54AF2B5FC9}.Release|Any CPU.Build.0 = Release|Any CPU
		{7125A8AC-F6D4-4927-8E12-417CE087264D}.Debug|Any CPU.ActiveCfg = Debug|Any CPU
		{7125A8AC-F6D4-4927-8E12-417CE087264D}.Debug|Any CPU.Build.0 = Debug|Any CPU
		{7125A8AC-F6D4-4927-8E12-417CE087264D}.Release|Any CPU.ActiveCfg = Release|Any CPU
		{7125A8AC-F6D4-4927-8E12-417CE087264D}.Release|Any CPU.Build.0 = Release|Any CPU
		{B55CA1ED-B6CB-4327-B1DE-8AB9686304A9}.Debug|Any CPU.ActiveCfg = Debug|Any CPU
		{B55CA1ED-B6CB-4327-B1DE-8AB9686304A9}.Debug|Any CPU.Build.0 = Debug|Any CPU
		{B55CA1ED-B6CB-4327-B1DE-8AB9686304A9}.Release|Any CPU.ActiveCfg = Release|Any CPU
		{B55CA1ED-B6CB-4327-B1DE-8AB9686304A9}.Release|Any CPU.Build.0 = Release|Any CPU
	EndGlobalSection
	GlobalSection(SolutionProperties) = preSolution
		HideSolutionNode = FALSE
	EndGlobalSection
	GlobalSection(ExtensibilityGlobals) = postSolution
		SolutionGuid = {E9B11B51-8ECE-41C8-B1E9-E426E067A53F}
	EndGlobalSection
EndGlobal
